{
	"name": "adobe-scripting",
	"version": "1.0.0",
	"lockfileVersion": 2,
	"requires": true,
	"packages": {
		"": {
			"name": "adobe-scripting",
			"version": "1.0.0",
			"license": "ISC",
			"devDependencies": {
				"types-for-adobe": "7.0.6"
			}
		},
		"node_modules/types-for-adobe": {
			"version": "7.0.6",
			"resolved": "https://registry.npmjs.org/types-for-adobe/-/types-for-adobe-7.0.6.tgz",
			"integrity": "sha512-HhqTLj5TkI8HCm7NncG23H7VKrmvWhX2Gh0KpY2keISi1eJ+JYX715Jyi1ovmgPXPLBOS7i7ZlkgP4zvBOTo8Q==",
			"dev": true
		}
	},
	"dependencies": {
		"types-for-adobe": {
			"version": "7.0.6",
			"resolved": "https://registry.npmjs.org/types-for-adobe/-/types-for-adobe-7.0.6.tgz",
			"integrity": "sha512-HhqTLj5TkI8HCm7NncG23H7VKrmvWhX2Gh0KpY2keISi1eJ+JYX715Jyi1ovmgPXPLBOS7i7ZlkgP4zvBOTo8Q==",
			"dev": true
		}
	}
}
